
Microsoft Visual Studio Solution File, Format Version 12.00
# Visual Studio Version 17
VisualStudioVersion = 17.4.33205.214
MinimumVisualStudioVersion = 10.0.40219.1
Project("{FAE04EC0-301F-11D3-BF4B-00C04F79EFBC}") = "VendorAPI", "VendorAPI\VendorAPI.csproj", "{B1D0F12C-A36B-46F7-AECA-BE90C2CB900F}"
EndProject
Global
	GlobalSection(SolutionConfigurationPlatforms) = preSolution
		Debug|Any CPU = Debug|Any CPU
		Release|Any CPU = Release|Any CPU
	EndGlobalSection
	GlobalSection(ProjectConfigurationPlatforms) = postSolution
		{B1D0F12C-A36B-46F7-AECA-BE90C2CB900F}.Debug|Any CPU.ActiveCfg = Debug|Any CPU
		{B1D0F12C-A36B-46F7-AECA-BE90C2CB900F}.Debug|Any CPU.Build.0 = Debug|Any CPU
		{B1D0F12C-A36B-46F7-AECA-BE90C2CB900F}.Release|Any CPU.ActiveCfg = Release|Any CPU
		{B1D0F12C-A36B-46F7-AECA-BE90C2CB900F}.Release|Any CPU.Build.0 = Release|Any CPU
	EndGlobalSection
	GlobalSection(SolutionProperties) = preSolution
		HideSolutionNode = FALSE
	EndGlobalSection
	GlobalSection(ExtensibilityGlobals) = postSolution
		SolutionGuid = {8F67CB2D-C09C-4E66-8CCF-F3182833C9BD}
	EndGlobalSection
EndGlobal
