
Microsoft Visual Studio Solution File, Format Version 12.00
# Visual Studio Version 17
VisualStudioVersion = 17.4.33205.214
MinimumVisualStudioVersion = 10.0.40219.1
Project("{FAE04EC0-301F-11D3-BF4B-00C04F79EFBC}") = "JobSearchApp_MVC", "JobSearchApp_MVC\JobSearchApp_MVC.csproj", "{33ED4B28-8D9B-4EA4-9CCC-E254A3845173}"
EndProject
Global
	GlobalSection(SolutionConfigurationPlatforms) = preSolution
		Debug|Any CPU = Debug|Any CPU
		Release|Any CPU = Release|Any CPU
	EndGlobalSection
	GlobalSection(ProjectConfigurationPlatforms) = postSolution
		{33ED4B28-8D9B-4EA4-9CCC-E254A3845173}.Debug|Any CPU.ActiveCfg = Debug|Any CPU
		{33ED4B28-8D9B-4EA4-9CCC-E254A3845173}.Debug|Any CPU.Build.0 = Debug|Any CPU
		{33ED4B28-8D9B-4EA4-9CCC-E254A3845173}.Release|Any CPU.ActiveCfg = Release|Any CPU
		{33ED4B28-8D9B-4EA4-9CCC-E254A3845173}.Release|Any CPU.Build.0 = Release|Any CPU
	EndGlobalSection
	GlobalSection(SolutionProperties) = preSolution
		HideSolutionNode = FALSE
	EndGlobalSection
	GlobalSection(ExtensibilityGlobals) = postSolution
		SolutionGuid = {91C8CB00-7979-4D0C-BD51-B87950A54B9A}
	EndGlobalSection
EndGlobal
